
Microsoft Visual Studio Solution File, Format Version 12.00
# Visual Studio 15
VisualStudioVersion = 15.0.28307.572
MinimumVisualStudioVersion = 10.0.40219.1
Project("{FAE04EC0-301F-11D3-BF4B-00C04F79EFBC}") = "Itmanagement", "Itmanagement\Itmanagement.csproj", "{D4CA51AF-944D-4118-BFF6-66B76B303028}"
EndProject
Global
	GlobalSection(SolutionConfigurationPlatforms) = preSolution
		Debug|Any CPU = Debug|Any CPU
		Release|Any CPU = Release|Any CPU
	EndGlobalSection
	GlobalSection(ProjectConfigurationPlatforms) = postSolution
		{D4CA51AF-944D-4118-BFF6-66B76B303028}.Debug|Any CPU.ActiveCfg = Debug|Any CPU
		{D4CA51AF-944D-4118-BFF6-66B76B303028}.Debug|Any CPU.Build.0 = Debug|Any CPU
		{D4CA51AF-944D-4118-BFF6-66B76B303028}.Release|Any CPU.ActiveCfg = Release|Any CPU
		{D4CA51AF-944D-4118-BFF6-66B76B303028}.Release|Any CPU.Build.0 = Release|Any CPU
	EndGlobalSection
	GlobalSection(SolutionProperties) = preSolution
		HideSolutionNode = FALSE
	EndGlobalSection
	GlobalSection(ExtensibilityGlobals) = postSolution
		SolutionGuid = {3A48B016-0D05-4F31-94DA-8842093C0D38}
	EndGlobalSection
EndGlobal
